// !$*UTF8*$!
{
	archiveVersion = 1;
	classes = {
	};
	objectVersion = 50;
	objects = {

/* Begin PBXBuildFile section */
		2D499956262BDA5E00CAFD22 /* Waveform.swift in Sources */ = {isa = PBXBuildFile; fileRef = 2D499955262BDA5E00CAFD22 /* Waveform.swift */; };
		2D49995D262BDD4200CAFD22 /* slum-beautiful-intro.aac in Resources */ = {isa = PBXBuildFile; fileRef = 2D49995C262BDD4200CAFD22 /* slum-beautiful-intro.aac */; };
		2DAF083222D0325000F2E994 /* AppDelegate.swift in Sources */ = {isa = PBXBuildFile; fileRef = 2DAF083122D0325000F2E994 /* AppDelegate.swift */; };
		2DAF083422D0325000F2E994 /* SceneDelegate.swift in Sources */ = {isa = PBXBuildFile; fileRef = 2DAF083322D0325000F2E994 /* SceneDelegate.swift */; };
		2DAF083622D0325000F2E994 /* ViewController.swift in Sources */ = {isa = PBXBuildFile; fileRef = 2DAF083522D0325000F2E994 /* ViewController.swift */; };
		2DAF083B22D0325600F2E994 /* Assets.xcassets in Resources */ = {isa = PBXBuildFile; fileRef = 2DAF083A22D0325600F2E994 /* Assets.xcassets */; };
		2DAF083E22D0325600F2E994 /* LaunchScreen.storyboard in Resources */ = {isa = PBXBuildFile; fileRef = 2DAF083C22D0325600F2E994 /* LaunchScreen.storyboard */; };
		2DAF084A22D17D4300F2E994 /* WaveformView.swift in Sources */ = {isa = PBXBuildFile; fileRef = 2DAF084922D17D4300F2E994 /* WaveformView.swift */; };
/* End PBXBuildFile section */

/* Begin PBXFileReference section */
		2D499955262BDA5E00CAFD22 /* Waveform.swift */ = {isa = PBXFileReference; lastKnownFileType = sourcecode.swift; path = Waveform.swift; sourceTree = "<group>"; };
		2D49995C262BDD4200CAFD22 /* slum-beautiful-intro.aac */ = {isa = PBXFileReference; lastKnownFileType = file; path = "slum-beautiful-intro.aac"; sourceTree = "<group>"; };
		2DAF082E22D0325000F2E994 /* Waveform.app */ = {isa = PBXFileReference; explicitFileType = wrapper.application; includeInIndex = 0; path = Waveform.app; sourceTree = BUILT_PRODUCTS_DIR; };
		2DAF083122D0325000F2E994 /* AppDelegate.swift */ = {isa = PBXFileReference; lastKnownFileType = sourcecode.swift; path = AppDelegate.swift; sourceTree = "<group>"; };
		2DAF083322D0325000F2E994 /* SceneDelegate.swift */ = {isa = PBXFileReference; lastKnownFileType = sourcecode.swift; path = SceneDelegate.swift; sourceTree = "<group>"; };
		2DAF083522D0325000F2E994 /* ViewController.swift */ = {isa = PBXFileReference; lastKnownFileType = sourcecode.swift; path = ViewController.swift; sourceTree = "<group>"; };
		2DAF083A22D0325600F2E994 /* Assets.xcassets */ = {isa = PBXFileReference; lastKnownFileType = folder.assetcatalog; path = Assets.xcassets; sourceTree = "<group>"; };
		2DAF083D22D0325600F2E994 /* Base */ = {isa = PBXFileReference; lastKnownFileType = file.storyboard; name = Base; path = Base.lproj/LaunchScreen.storyboard; sourceTree = "<group>"; };
		2DAF083F22D0325600F2E994 /* Info.plist */ = {isa = PBXFileReference; lastKnownFileType = text.plist.xml; path = Info.plist; sourceTree = "<group>"; };
		2DAF084922D17D4300F2E994 /* WaveformView.swift */ = {isa = PBXFileReference; lastKnownFileType = sourcecode.swift; path = WaveformView.swift; sourceTree = "<group>"; };
/* End PBXFileReference section */

/* Begin PBXFrameworksBuildPhase section */
		2DAF082B22D0325000F2E994 /* Frameworks */ = {
			isa = PBXFrameworksBuildPhase;
			buildActionMask = 2147483647;
			files = (
			);
			runOnlyForDeploymentPostprocessing = 0;
		};
/* End PBXFrameworksBuildPhase section */

/* Begin PBXGroup section */
		2D499954262BDA4D00CAFD22 /* Waveform */ = {
			isa = PBXGroup;
			children = (
				2D499955262BDA5E00CAFD22 /* Waveform.swift */,
				2DAF084922D17D4300F2E994 /* WaveformView.swift */,
			);
			path = Waveform;
			sourceTree = "<group>";
		};
		2DAF082522D0325000F2E994 = {
			isa = PBXGroup;
			children = (
				2DAF083022D0325000F2E994 /* Waveform */,
				2DAF082F22D0325000F2E994 /* Products */,
			);
			sourceTree = "<group>";
		};
		2DAF082F22D0325000F2E994 /* Products */ = {
			isa = PBXGroup;
			children = (
				2DAF082E22D0325000F2E994 /* Waveform.app */,
			);
			name = Products;
			sourceTree = "<group>";
		};
		2DAF083022D0325000F2E994 /* Waveform */ = {
			isa = PBXGroup;
			children = (
				2DAF083122D0325000F2E994 /* AppDelegate.swift */,
				2DAF083A22D0325600F2E994 /* Assets.xcassets */,
				2DAF083F22D0325600F2E994 /* Info.plist */,
				2DAF083C22D0325600F2E994 /* LaunchScreen.storyboard */,
				2DAF083322D0325000F2E994 /* SceneDelegate.swift */,
				2D49995C262BDD4200CAFD22 /* slum-beautiful-intro.aac */,
				2DAF083522D0325000F2E994 /* ViewController.swift */,
				2D499954262BDA4D00CAFD22 /* Waveform */,
			);
			path = Waveform;
			sourceTree = "<group>";
		};
/* End PBXGroup section */

/* Begin PBXNativeTarget section */
		2DAF082D22D0325000F2E994 /* Waveform */ = {
			isa = PBXNativeTarget;
			buildConfigurationList = 2DAF084222D0325600F2E994 /* Build configuration list for PBXNativeTarget "Waveform" */;
			buildPhases = (
				2DAF082A22D0325000F2E994 /* Sources */,
				2DAF082B22D0325000F2E994 /* Frameworks */,
				2DAF082C22D0325000F2E994 /* Resources */,
			);
			buildRules = (
			);
			dependencies = (
			);
			name = Waveform;
			productName = Waveform;
			productReference = 2DAF082E22D0325000F2E994 /* Waveform.app */;
			productType = "com.apple.product-type.application";
		};
/* End PBXNativeTarget section */

/* Begin PBXProject section */
		2DAF082622D0325000F2E994 /* Project object */ = {
			isa = PBXProject;
			attributes = {
				LastSwiftUpdateCheck = 1100;
				LastUpgradeCheck = 1100;
				ORGANIZATIONNAME = "Damian Carrillo";
				TargetAttributes = {
					2DAF082D22D0325000F2E994 = {
						CreatedOnToolsVersion = 11.0;
					};
				};
			};
			buildConfigurationList = 2DAF082922D0325000F2E994 /* Build configuration list for PBXProject "Waveform" */;
			compatibilityVersion = "Xcode 9.3";
			developmentRegion = en;
			hasScannedForEncodings = 0;
			knownRegions = (
				en,
				Base,
			);
			mainGroup = 2DAF082522D0325000F2E994;
			productRefGroup = 2DAF082F22D0325000F2E994 /* Products */;
			projectDirPath = "";
			projectRoot = "";
			targets = (
				2DAF082D22D0325000F2E994 /* Waveform */,
			);
		};
/* End PBXProject section */

/* Begin PBXResourcesBuildPhase section */
		2DAF082C22D0325000F2E994 /* Resources */ = {
			isa = PBXResourcesBuildPhase;
			buildActionMask = 2147483647;
			files = (
				2DAF083E22D0325600F2E994 /* LaunchScreen.storyboard in Resources */,
				2D49995D262BDD4200CAFD22 /* slum-beautiful-intro.aac in Resources */,
				2DAF083B22D0325600F2E994 /* Assets.xcassets in Resources */,
			);
			runOnlyForDeploymentPostprocessing = 0;
		};
/* End PBXResourcesBuildPhase section */

/* Begin PBXSourcesBuildPhase section */
		2DAF082A22D0325000F2E994 /* Sources */ = {
			isa = PBXSourcesBuildPhase;
			buildActionMask = 2147483647;
			files = (
				2D499956262BDA5E00CAFD22 /* Waveform.swift in Sources */,
				2DAF083622D0325000F2E994 /* ViewController.swift in Sources */,
				2DAF083222D0325000F2E994 /* AppDelegate.swift in Sources */,
				2DAF083422D0325000F2E994 /* SceneDelegate.swift in Sources */,
				2DAF084A22D17D4300F2E994 /* WaveformView.swift in Sources */,
			);
			runOnlyForDeploymentPostprocessing = 0;
		};
/* End PBXSourcesBuildPhase section */

/* Begin PBXVariantGroup section */
		2DAF083C22D0325600F2E994 /* LaunchScreen.storyboard */ = {
			isa = PBXVariantGroup;
			children = (
				2DAF083D22D0325600F2E994 /* Base */,
			);
			name = LaunchScreen.storyboard;
			sourceTree = "<group>";
		};
/* End PBXVariantGroup section */

/* Begin XCBuildConfiguration section */
		2DAF084022D0325600F2E994 /* Debug */ = {
			isa = XCBuildConfiguration;
			buildSettings = {
				ALWAYS_SEARCH_USER_PATHS = NO;
				CLANG_ANALYZER_NONNULL = YES;
				CLANG_ANALYZER_NUMBER_OBJECT_CONVERSION = YES_AGGRESSIVE;
				CLANG_CXX_LANGUAGE_STANDARD = "gnu++14";
				CLANG_CXX_LIBRARY = "libc++";
				CLANG_ENABLE_MODULES = YES;
				CLANG_ENABLE_OBJC_ARC = YES;
				CLANG_ENABLE_OBJC_WEAK = YES;
				CLANG_WARN_BLOCK_CAPTURE_AUTORELEASING = YES;
				CLANG_WARN_BOOL_CONVERSION = YES;
				CLANG_WARN_COMMA = YES;
				CLANG_WARN_CONSTANT_CONVERSION = YES;
				CLANG_WARN_DEPRECATED_OBJC_IMPLEMENTATIONS = YES;
				CLANG_WARN_DIRECT_OBJC_ISA_USAGE = YES_ERROR;
				CLANG_WARN_DOCUMENTATION_COMMENTS = YES;
				CLANG_WARN_EMPTY_BODY = YES;
				CLANG_WARN_ENUM_CONVERSION = YES;
				CLANG_WARN_INFINITE_RECURSION = YES;
				CLANG_WARN_INT_CONVERSION = YES;
				CLANG_WARN_NON_LITERAL_NULL_CONVERSION = YES;
				CLANG_WARN_OBJC_IMPLICIT_RETAIN_SELF = YES;
				CLANG_WARN_OBJC_LITERAL_CONVERSION = YES;
				CLANG_WARN_OBJC_ROOT_CLASS = YES_ERROR;
				CLANG_WARN_RANGE_LOOP_ANALYSIS = YES;
				CLANG_WARN_STRICT_PROTOTYPES = YES;
				CLANG_WARN_SUSPICIOUS_MOVE = YES;
				CLANG_WARN_UNGUARDED_AVAILABILITY = YES_AGGRESSIVE;
				CLANG_WARN_UNREACHABLE_CODE = YES;
				CLANG_WARN__DUPLICATE_METHOD_MATCH = YES;
				COPY_PHASE_STRIP = NO;
				DEBUG_INFORMATION_FORMAT = dwarf;
				ENABLE_STRICT_OBJC_MSGSEND = YES;
				ENABLE_TESTABILITY = YES;
				GCC_C_LANGUAGE_STANDARD = gnu11;
				GCC_DYNAMIC_NO_PIC = NO;
				GCC_NO_COMMON_BLOCKS = YES;
				GCC_OPTIMIZATION_LEVEL = 0;
				GCC_PREPROCESSOR_DEFINITIONS = (
					"DEBUG=1",
					"$(inherited)",
				);
				GCC_WARN_64_TO_32_BIT_CONVERSION = YES;
				GCC_WARN_ABOUT_RETURN_TYPE = YES_ERROR;
				GCC_WARN_UNDECLARED_SELECTOR = YES;
				GCC_WARN_UNINITIALIZED_AUTOS = YES_AGGRESSIVE;
				GCC_WARN_UNUSED_FUNCTION = YES;
				GCC_WARN_UNUSED_VARIABLE = YES;
				IPHONEOS_DEPLOYMENT_TARGET = 13.0;
				MTL_ENABLE_DEBUG_INFO = INCLUDE_SOURCE;
				MTL_FAST_MATH = YES;
				ONLY_ACTIVE_ARCH = YES;
				SDKROOT = iphoneos;
				SWIFT_ACTIVE_COMPILATION_CONDITIONS = DEBUG;
				SWIFT_OPTIMIZATION_LEVEL = "-Onone";
			};
			name = Debug;
		};
		2DAF084122D0325600F2E994 /* Release */ = {
			isa = XCBuildConfiguration;
			buildSettings = {
				ALWAYS_SEARCH_USER_PATHS = NO;
				CLANG_ANALYZER_NONNULL = YES;
				CLANG_ANALYZER_NUMBER_OBJECT_CONVERSION = YES_AGGRESSIVE;
				CLANG_CXX_LANGUAGE_STANDARD = "gnu++14";
				CLANG_CXX_LIBRARY = "libc++";
				CLANG_ENABLE_MODULES = YES;
				CLANG_ENABLE_OBJC_ARC = YES;
				CLANG_ENABLE_OBJC_WEAK = YES;
				CLANG_WARN_BLOCK_CAPTURE_AUTORELEASING = YES;
				CLANG_WARN_BOOL_CONVERSION = YES;
				CLANG_WARN_COMMA = YES;
				CLANG_WARN_CONSTANT_CONVERSION = YES;
				CLANG_WARN_DEPRECATED_OBJC_IMPLEMENTATIONS = YES;
				CLANG_WARN_DIRECT_OBJC_ISA_USAGE = YES_ERROR;
				CLANG_WARN_DOCUMENTATION_COMMENTS = YES;
				CLANG_WARN_EMPTY_BODY = YES;
				CLANG_WARN_ENUM_CONVERSION = YES;
				CLANG_WARN_INFINITE_RECURSION = YES;
				CLANG_WARN_INT_CONVERSION = YES;
				CLANG_WARN_NON_LITERAL_NULL_CONVERSION = YES;
				CLANG_WARN_OBJC_IMPLICIT_RETAIN_SELF = YES;
				CLANG_WARN_OBJC_LITERAL_CONVERSION = YES;
				CLANG_WARN_OBJC_ROOT_CLASS = YES_ERROR;
				CLANG_WARN_RANGE_LOOP_ANALYSIS = YES;
				CLANG_WARN_STRICT_PROTOTYPES = YES;
				CLANG_WARN_SUSPICIOUS_MOVE = YES;
				CLANG_WARN_UNGUARDED_AVAILABILITY = YES_AGGRESSIVE;
				CLANG_WARN_UNREACHABLE_CODE = YES;
				CLANG_WARN__DUPLICATE_METHOD_MATCH = YES;
				COPY_PHASE_STRIP = NO;
				DEBUG_INFORMATION_FORMAT = "dwarf-with-dsym";
				ENABLE_NS_ASSERTIONS = NO;
				ENABLE_STRICT_OBJC_MSGSEND = YES;
				GCC_C_LANGUAGE_STANDARD = gnu11;
				GCC_NO_COMMON_BLOCKS = YES;
				GCC_WARN_64_TO_32_BIT_CONVERSION = YES;
				GCC_WARN_ABOUT_RETURN_TYPE = YES_ERROR;
				GCC_WARN_UNDECLARED_SELECTOR = YES;
				GCC_WARN_UNINITIALIZED_AUTOS = YES_AGGRESSIVE;
				GCC_WARN_UNUSED_FUNCTION = YES;
				GCC_WARN_UNUSED_VARIABLE = YES;
				IPHONEOS_DEPLOYMENT_TARGET = 13.0;
				MTL_ENABLE_DEBUG_INFO = NO;
				MTL_FAST_MATH = YES;
				SDKROOT = iphoneos;
				SWIFT_COMPILATION_MODE = wholemodule;
				SWIFT_OPTIMIZATION_LEVEL = "-O";
				VALIDATE_PRODUCT = YES;
			};
			name = Release;
		};
		2DAF084322D0325600F2E994 /* Debug */ = {
			isa = XCBuildConfiguration;
			buildSettings = {
				ASSETCATALOG_COMPILER_APPICON_NAME = AppIcon;
				CODE_SIGN_STYLE = Automatic;
				DEVELOPMENT_TEAM = 5J6N3EG264;
				INFOPLIST_FILE = Waveform/Info.plist;
				LD_RUNPATH_SEARCH_PATHS = (
					"$(inherited)",
					"@executable_path/Frameworks",
				);
				PRODUCT_BUNDLE_IDENTIFIER = com.us.carrillo.damian.Waveform;
				PRODUCT_NAME = "$(TARGET_NAME)";
				SWIFT_VERSION = 5.0;
				TARGETED_DEVICE_FAMILY = "1,2";
			};
			name = Debug;
		};
		2DAF084422D0325600F2E994 /* Release */ = {
			isa = XCBuildConfiguration;
			buildSettings = {
				ASSETCATALOG_COMPILER_APPICON_NAME = AppIcon;
				CODE_SIGN_STYLE = Automatic;
				DEVELOPMENT_TEAM = 5J6N3EG264;
				INFOPLIST_FILE = Waveform/Info.plist;
				LD_RUNPATH_SEARCH_PATHS = (
					"$(inherited)",
					"@executable_path/Frameworks",
				);
				PRODUCT_BUNDLE_IDENTIFIER = com.us.carrillo.damian.Waveform;
				PRODUCT_NAME = "$(TARGET_NAME)";
				SWIFT_VERSION = 5.0;
				TARGETED_DEVICE_FAMILY = "1,2";
			};
			name = Release;
		};
/* End XCBuildConfiguration section */

/* Begin XCConfigurationList section */
		2DAF082922D0325000F2E994 /* Build configuration list for PBXProject "Waveform" */ = {
			isa = XCConfigurationList;
			buildConfigurations = (
				2DAF084022D0325600F2E994 /* Debug */,
				2DAF084122D0325600F2E994 /* Release */,
			);
			defaultConfigurationIsVisible = 0;
			defaultConfigurationName = Release;
		};
		2DAF084222D0325600F2E994 /* Build configuration list for PBXNativeTarget "Waveform" */ = {
			isa = XCConfigurationList;
			buildConfigurations = (
				2DAF084322D0325600F2E994 /* Debug */,
				2DAF084422D0325600F2E994 /* Release */,
			);
			defaultConfigurationIsVisible = 0;
			defaultConfigurationName = Release;
		};
/* End XCConfigurationList section */
	};
	rootObject = 2DAF082622D0325000F2E994 /* Project object */;
}
